
Microsoft Visual Studio Solution File, Format Version 12.00
# Visual Studio Version 17
VisualStudioVersion = 17.0.31903.59
MinimumVisualStudioVersion = 10.0.40219.1
Project("{2150E333-8FDC-42A3-9474-1A3956D46DE8}") = "projects", "projects", "{5C70B7A9-9DF7-4AAD-BD67-ABAA571EC46D}"
EndProject
Project("{2150E333-8FDC-42A3-9474-1A3956D46DE8}") = "auth-service", "auth-service", "{0FC23C90-5123-4122-854F-7315FF54EBD8}"
EndProject
Project("{FAE04EC0-301F-11D3-BF4B-00C04F79EFBC}") = "AuthService", "projects\auth-service\AuthService\AuthService.csproj", "{5274645B-3E20-40AC-8019-07DCA04C57BA}"
EndProject
Project("{2150E333-8FDC-42A3-9474-1A3956D46DE8}") = "inventory-service", "inventory-service", "{58BEDCAB-B3F9-47B4-B7AE-1AC19F45858A}"
EndProject
Project("{FAE04EC0-301F-11D3-BF4B-00C04F79EFBC}") = "InventoryService", "projects\inventory-service\InventoryService\InventoryService.csproj", "{8B7ECA08-2C22-48AE-B1AE-BD0E996C1081}"
EndProject
Project("{2150E333-8FDC-42A3-9474-1A3956D46DE8}") = "order-service", "order-service", "{57813AC0-BB35-40CA-A382-C1F13FA4AAC3}"
EndProject
Project("{FAE04EC0-301F-11D3-BF4B-00C04F79EFBC}") = "OrderService", "projects\order-service\OrderService\OrderService.csproj", "{F2748A67-0B52-444B-BD6D-393E1303FEB2}"
EndProject
Project("{2150E333-8FDC-42A3-9474-1A3956D46DE8}") = "shared", "shared", "{931AB194-0BB7-46DB-AC45-7D7265BF1370}"
EndProject
Project("{FAE04EC0-301F-11D3-BF4B-00C04F79EFBC}") = "Shared", "shared\Shared\Shared.csproj", "{C39EDFC0-48E0-455A-8924-D1B11E940848}"
EndProject
Project("{2150E333-8FDC-42A3-9474-1A3956D46DE8}") = "packages", "packages", "{1E6D67F0-0EEC-418C-B85A-33A0BBE4B2A2}"
EndProject
Project("{FAE04EC0-301F-11D3-BF4B-00C04F79EFBC}") = "CommonPackage", "packages\CommonPackage\CommonPackage.csproj", "{B751F7BD-CDED-4EAE-9936-F678E047D4FD}"
EndProject
Project("{2150E333-8FDC-42A3-9474-1A3956D46DE8}") = "tests", "tests", "{4C5235C3-CE29-4435-AF6B-23D7832EEFA6}"
EndProject
Project("{FAE04EC0-301F-11D3-BF4B-00C04F79EFBC}") = "AuthService.Tests", "tests\AuthService.Tests\AuthService.Tests.csproj", "{D0742951-D9E4-47F4-9C07-5A19E2FB7727}"
EndProject
Project("{FAE04EC0-301F-11D3-BF4B-00C04F79EFBC}") = "InventoryService.Tests", "tests\InventoryService.Tests\InventoryService.Tests.csproj", "{4A0BE537-6EBB-4442-82E9-272E4F1B988B}"
EndProject
Project("{FAE04EC0-301F-11D3-BF4B-00C04F79EFBC}") = "OrderService.Tests", "tests\OrderService.Tests\OrderService.Tests.csproj", "{C99A2050-3EC5-4DFE-98D1-1397D2D936BD}"
EndProject
Project("{2150E333-8FDC-42A3-9474-1A3956D46DE8}") = "APIGateway", "APIGateway", "{9B234815-6D27-48D2-84CF-B657A900ACB8}"
EndProject
Project("{FAE04EC0-301F-11D3-BF4B-00C04F79EFBC}") = "APIGateway", "projects\APIGateway\APIGateway\APIGateway.csproj", "{D27C6926-4469-4758-9D6F-DA09F9A4BDBC}"
EndProject
Global
	GlobalSection(SolutionConfigurationPlatforms) = preSolution
		Debug|Any CPU = Debug|Any CPU
		Release|Any CPU = Release|Any CPU
	EndGlobalSection
	GlobalSection(SolutionProperties) = preSolution
		HideSolutionNode = FALSE
	EndGlobalSection
	GlobalSection(ProjectConfigurationPlatforms) = postSolution
		{5274645B-3E20-40AC-8019-07DCA04C57BA}.Debug|Any CPU.ActiveCfg = Debug|Any CPU
		{5274645B-3E20-40AC-8019-07DCA04C57BA}.Debug|Any CPU.Build.0 = Debug|Any CPU
		{5274645B-3E20-40AC-8019-07DCA04C57BA}.Release|Any CPU.ActiveCfg = Release|Any CPU
		{5274645B-3E20-40AC-8019-07DCA04C57BA}.Release|Any CPU.Build.0 = Release|Any CPU
		{8B7ECA08-2C22-48AE-B1AE-BD0E996C1081}.Debug|Any CPU.ActiveCfg = Debug|Any CPU
		{8B7ECA08-2C22-48AE-B1AE-BD0E996C1081}.Debug|Any CPU.Build.0 = Debug|Any CPU
		{8B7ECA08-2C22-48AE-B1AE-BD0E996C1081}.Release|Any CPU.ActiveCfg = Release|Any CPU
		{8B7ECA08-2C22-48AE-B1AE-BD0E996C1081}.Release|Any CPU.Build.0 = Release|Any CPU
		{F2748A67-0B52-444B-BD6D-393E1303FEB2}.Debug|Any CPU.ActiveCfg = Debug|Any CPU
		{F2748A67-0B52-444B-BD6D-393E1303FEB2}.Debug|Any CPU.Build.0 = Debug|Any CPU
		{F2748A67-0B52-444B-BD6D-393E1303FEB2}.Release|Any CPU.ActiveCfg = Release|Any CPU
		{F2748A67-0B52-444B-BD6D-393E1303FEB2}.Release|Any CPU.Build.0 = Release|Any CPU
		{C39EDFC0-48E0-455A-8924-D1B11E940848}.Debug|Any CPU.ActiveCfg = Debug|Any CPU
		{C39EDFC0-48E0-455A-8924-D1B11E940848}.Debug|Any CPU.Build.0 = Debug|Any CPU
		{C39EDFC0-48E0-455A-8924-D1B11E940848}.Release|Any CPU.ActiveCfg = Release|Any CPU
		{C39EDFC0-48E0-455A-8924-D1B11E940848}.Release|Any CPU.Build.0 = Release|Any CPU
		{B751F7BD-CDED-4EAE-9936-F678E047D4FD}.Debug|Any CPU.ActiveCfg = Debug|Any CPU
		{B751F7BD-CDED-4EAE-9936-F678E047D4FD}.Debug|Any CPU.Build.0 = Debug|Any CPU
		{B751F7BD-CDED-4EAE-9936-F678E047D4FD}.Release|Any CPU.ActiveCfg = Release|Any CPU
		{B751F7BD-CDED-4EAE-9936-F678E047D4FD}.Release|Any CPU.Build.0 = Release|Any CPU
		{D0742951-D9E4-47F4-9C07-5A19E2FB7727}.Debug|Any CPU.ActiveCfg = Debug|Any CPU
		{D0742951-D9E4-47F4-9C07-5A19E2FB7727}.Debug|Any CPU.Build.0 = Debug|Any CPU
		{D0742951-D9E4-47F4-9C07-5A19E2FB7727}.Release|Any CPU.ActiveCfg = Release|Any CPU
		{D0742951-D9E4-47F4-9C07-5A19E2FB7727}.Release|Any CPU.Build.0 = Release|Any CPU
		{4A0BE537-6EBB-4442-82E9-272E4F1B988B}.Debug|Any CPU.ActiveCfg = Debug|Any CPU
		{4A0BE537-6EBB-4442-82E9-272E4F1B988B}.Debug|Any CPU.Build.0 = Debug|Any CPU
		{4A0BE537-6EBB-4442-82E9-272E4F1B988B}.Release|Any CPU.ActiveCfg = Release|Any CPU
		{4A0BE537-6EBB-4442-82E9-272E4F1B988B}.Release|Any CPU.Build.0 = Release|Any CPU
		{C99A2050-3EC5-4DFE-98D1-1397D2D936BD}.Debug|Any CPU.ActiveCfg = Debug|Any CPU
		{C99A2050-3EC5-4DFE-98D1-1397D2D936BD}.Debug|Any CPU.Build.0 = Debug|Any CPU
		{C99A2050-3EC5-4DFE-98D1-1397D2D936BD}.Release|Any CPU.ActiveCfg = Release|Any CPU
		{C99A2050-3EC5-4DFE-98D1-1397D2D936BD}.Release|Any CPU.Build.0 = Release|Any CPU
		{D27C6926-4469-4758-9D6F-DA09F9A4BDBC}.Debug|Any CPU.ActiveCfg = Debug|Any CPU
		{D27C6926-4469-4758-9D6F-DA09F9A4BDBC}.Debug|Any CPU.Build.0 = Debug|Any CPU
		{D27C6926-4469-4758-9D6F-DA09F9A4BDBC}.Release|Any CPU.ActiveCfg = Release|Any CPU
		{D27C6926-4469-4758-9D6F-DA09F9A4BDBC}.Release|Any CPU.Build.0 = Release|Any CPU
	EndGlobalSection
	GlobalSection(NestedProjects) = preSolution
		{0FC23C90-5123-4122-854F-7315FF54EBD8} = {5C70B7A9-9DF7-4AAD-BD67-ABAA571EC46D}
		{5274645B-3E20-40AC-8019-07DCA04C57BA} = {0FC23C90-5123-4122-854F-7315FF54EBD8}
		{58BEDCAB-B3F9-47B4-B7AE-1AC19F45858A} = {5C70B7A9-9DF7-4AAD-BD67-ABAA571EC46D}
		{8B7ECA08-2C22-48AE-B1AE-BD0E996C1081} = {58BEDCAB-B3F9-47B4-B7AE-1AC19F45858A}
		{57813AC0-BB35-40CA-A382-C1F13FA4AAC3} = {5C70B7A9-9DF7-4AAD-BD67-ABAA571EC46D}
		{F2748A67-0B52-444B-BD6D-393E1303FEB2} = {57813AC0-BB35-40CA-A382-C1F13FA4AAC3}
		{C39EDFC0-48E0-455A-8924-D1B11E940848} = {931AB194-0BB7-46DB-AC45-7D7265BF1370}
		{B751F7BD-CDED-4EAE-9936-F678E047D4FD} = {1E6D67F0-0EEC-418C-B85A-33A0BBE4B2A2}
		{D0742951-D9E4-47F4-9C07-5A19E2FB7727} = {4C5235C3-CE29-4435-AF6B-23D7832EEFA6}
		{4A0BE537-6EBB-4442-82E9-272E4F1B988B} = {4C5235C3-CE29-4435-AF6B-23D7832EEFA6}
		{C99A2050-3EC5-4DFE-98D1-1397D2D936BD} = {4C5235C3-CE29-4435-AF6B-23D7832EEFA6}
		{9B234815-6D27-48D2-84CF-B657A900ACB8} = {5C70B7A9-9DF7-4AAD-BD67-ABAA571EC46D}
		{D27C6926-4469-4758-9D6F-DA09F9A4BDBC} = {9B234815-6D27-48D2-84CF-B657A900ACB8}
	EndGlobalSection
EndGlobal
